// !$*UTF8*$!
{
	archiveVersion = 1;
	classes = {
	};
	objectVersion = 55;
	objects = {

/* Begin PBXBuildFile section */
		0327CE9828F5A21C0096084C /* UIColor+Extension.swift in Sources */ = {isa = PBXBuildFile; fileRef = 0327CE9728F5A21C0096084C /* UIColor+Extension.swift */; };
		0327CE9F28F5A2510096084C /* CollectionViewCellList.swift in Sources */ = {isa = PBXBuildFile; fileRef = 0327CE9B28F5A2510096084C /* CollectionViewCellList.swift */; };
		0327CEA028F5A2510096084C /* HeaderCollectionView.swift in Sources */ = {isa = PBXBuildFile; fileRef = 0327CE9C28F5A2510096084C /* HeaderCollectionView.swift */; };
		0327CEA128F5A2510096084C /* MainPageModel.swift in Sources */ = {isa = PBXBuildFile; fileRef = 0327CE9D28F5A2510096084C /* MainPageModel.swift */; };
		0327CEA228F5A2510096084C /* MainPageViewController.swift in Sources */ = {isa = PBXBuildFile; fileRef = 0327CE9E28F5A2510096084C /* MainPageViewController.swift */; };
		0327CEA328F5A2EE0096084C /* AppDelegate.swift in Sources */ = {isa = PBXBuildFile; fileRef = 03C2024428BA6DC100E5FFF3 /* AppDelegate.swift */; };
		0327CEA428F5A34A0096084C /* UIView+ExtensionWithCoreGraphics.swift in Sources */ = {isa = PBXBuildFile; fileRef = 841121DF28DA4ADA00983ACA /* UIView+ExtensionWithCoreGraphics.swift */; };
		0327CEA528F5A34A0096084C /* UIViewController+Extension.swift in Sources */ = {isa = PBXBuildFile; fileRef = DD73E7F728F426F900931654 /* UIViewController+Extension.swift */; };
		0327CEA628F5A34A0096084C /* UIWindow+Extension.swift in Sources */ = {isa = PBXBuildFile; fileRef = DD73E7FC28F445B600931654 /* UIWindow+Extension.swift */; };
		0327CEA728F5A34A0096084C /* CustomLoginTextField.swift in Sources */ = {isa = PBXBuildFile; fileRef = 844B109C28DF1DAC0043FEB8 /* CustomLoginTextField.swift */; };
		0327CEA828F5A34A0096084C /* LoginPageViewController.swift in Sources */ = {isa = PBXBuildFile; fileRef = 844B109928DF07610043FEB8 /* LoginPageViewController.swift */; };
		0327CEA928F5A34A0096084C /* FirstPageViewController.swift in Sources */ = {isa = PBXBuildFile; fileRef = 84709F7128D9BC410036A4AB /* FirstPageViewController.swift */; };
		0327CEAA28F5A34A0096084C /* WelcomeLabel.swift in Sources */ = {isa = PBXBuildFile; fileRef = 84709F7328D9E1560036A4AB /* WelcomeLabel.swift */; };
		0327CEAB28F5A34A0096084C /* MainCusomButton.swift in Sources */ = {isa = PBXBuildFile; fileRef = 841121DD28DA2D3400983ACA /* MainCusomButton.swift */; };
		0327CEAC28F5A34A0096084C /* AchievementsModel.swift in Sources */ = {isa = PBXBuildFile; fileRef = 0327CE7028F2E7680096084C /* AchievementsModel.swift */; };
		0327CEAD28F5A34A0096084C /* ProfileViewController.swift in Sources */ = {isa = PBXBuildFile; fileRef = A0C90E8928C0F86900630E61 /* ProfileViewController.swift */; };
		0327CEAE28F5A34A0096084C /* ColorView.swift in Sources */ = {isa = PBXBuildFile; fileRef = A00E312228CB8C5500EC6FA5 /* ColorView.swift */; };
		0327CEAF28F5A34A0096084C /* CircularView.swift in Sources */ = {isa = PBXBuildFile; fileRef = A0BF832728C67C32001E6469 /* CircularView.swift */; };
		0327CEB028F5A34A0096084C /* ProgressView.swift in Sources */ = {isa = PBXBuildFile; fileRef = A0D9872728D3AF380040C9E5 /* ProgressView.swift */; };
		0327CEB128F5A34A0096084C /* ProfileView.swift in Sources */ = {isa = PBXBuildFile; fileRef = A0BDD45028C3AA1B00786300 /* ProfileView.swift */; };
		0327CEB228F5A34A0096084C /* SheetProfileView.swift in Sources */ = {isa = PBXBuildFile; fileRef = A04C036C28D7AFB8004E4D80 /* SheetProfileView.swift */; };
		0327CEB328F5A34A0096084C /* ProfileCollectionViewCell.swift in Sources */ = {isa = PBXBuildFile; fileRef = A04C037928E05D90004E4D80 /* ProfileCollectionViewCell.swift */; };
		0327CEB428F5A34A0096084C /* MainTabBarController.swift in Sources */ = {isa = PBXBuildFile; fileRef = DD73E7F428F421E600931654 /* MainTabBarController.swift */; };
		0327CEB528F5A34A0096084C /* SecureStore.swift in Sources */ = {isa = PBXBuildFile; fileRef = DD73E7FA28F42F3000931654 /* SecureStore.swift */; };
		03C2024728BA6DC100E5FFF3 /* SceneDelegate.swift in Sources */ = {isa = PBXBuildFile; fileRef = 03C2024628BA6DC100E5FFF3 /* SceneDelegate.swift */; };
		03C2024E28BA6DC400E5FFF3 /* Assets.xcassets in Resources */ = {isa = PBXBuildFile; fileRef = 03C2024D28BA6DC400E5FFF3 /* Assets.xcassets */; };
		03C2025128BA6DC400E5FFF3 /* LaunchScreen.storyboard in Resources */ = {isa = PBXBuildFile; fileRef = 03C2024F28BA6DC400E5FFF3 /* LaunchScreen.storyboard */; };
		89C0DEB817BEB9F0BE58910C /* Pods_MDFactory.framework in Frameworks */ = {isa = PBXBuildFile; fileRef = 26796C3D8F30B29587004E94 /* Pods_MDFactory.framework */; };
		BA62B08228F8CA0F00A22370 /* CollectionViewCellGrid.swift in Sources */ = {isa = PBXBuildFile; fileRef = BA62B08128F8CA0F00A22370 /* CollectionViewCellGrid.swift */; };
		BA62B08C2906811700A22370 /* MainPagePresenter.swift in Sources */ = {isa = PBXBuildFile; fileRef = BA62B08B2906811700A22370 /* MainPagePresenter.swift */; };
		BA62B08E2906AE9400A22370 /* CollectionViewCellProtocol.swift in Sources */ = {isa = PBXBuildFile; fileRef = BA62B08D2906AE9400A22370 /* CollectionViewCellProtocol.swift */; };
		BA2F24B228C730C30043E253 /* HeaderCollectionView.swift in Sources */ = {isa = PBXBuildFile; fileRef = BA2F24B128C730C30043E253 /* HeaderCollectionView.swift */; };
		BA2F24B428C77F390043E253 /* Model.swift in Sources */ = {isa = PBXBuildFile; fileRef = BA2F24B328C77F390043E253 /* Model.swift */; };
		BADD53C628C0A1EE0084419D /* MainPage.swift in Sources */ = {isa = PBXBuildFile; fileRef = BADD53C528C0A1EE0084419D /* MainPage.swift */; };
		BADD53EC28C620470084419D /* UIColor+Extension.swift in Sources */ = {isa = PBXBuildFile; fileRef = BADD53EB28C620470084419D /* UIColor+Extension.swift */; };
		BADD53EE28C6291E0084419D /* CollectionViewCell.swift in Sources */ = {isa = PBXBuildFile; fileRef = BADD53ED28C6291E0084419D /* CollectionViewCell.swift */; };
		A00E312328CB8C5600EC6FA5 /* ColorView.swift in Sources */ = {isa = PBXBuildFile; fileRef = A00E312228CB8C5500EC6FA5 /* ColorView.swift */; };
		A04C036D28D7AFB9004E4D80 /* SheetProfileView.swift in Sources */ = {isa = PBXBuildFile; fileRef = A04C036C28D7AFB8004E4D80 /* SheetProfileView.swift */; };
		A04C037A28E05D90004E4D80 /* ProfileCollectionViewCell.swift in Sources */ = {isa = PBXBuildFile; fileRef = A04C037928E05D90004E4D80 /* ProfileCollectionViewCell.swift */; };
		A0BDD45128C3AA1B00786300 /* ProfileView.swift in Sources */ = {isa = PBXBuildFile; fileRef = A0BDD45028C3AA1B00786300 /* ProfileView.swift */; };
		A0BF832828C67C32001E6469 /* CircularView.swift in Sources */ = {isa = PBXBuildFile; fileRef = A0BF832728C67C32001E6469 /* CircularView.swift */; };
		A0C90E8A28C0F86900630E61 /* ProfileViewController.swift in Sources */ = {isa = PBXBuildFile; fileRef = A0C90E8928C0F86900630E61 /* ProfileViewController.swift */; };
		A0D9872828D3AF380040C9E5 /* ProgressView.swift in Sources */ = {isa = PBXBuildFile; fileRef = A0D9872728D3AF380040C9E5 /* ProgressView.swift */; };
		DD3C696B28F5A04F001DA207 /* GoogleService-Info.plist in Resources */ = {isa = PBXBuildFile; fileRef = DD3C696A28F5A04F001DA207 /* GoogleService-Info.plist */; };
		DD3C696D28F5A5CF001DA207 /* FirebaseService.swift in Sources */ = {isa = PBXBuildFile; fileRef = DD3C696C28F5A5CF001DA207 /* FirebaseService.swift */; };
		DD64000928F6DD1B00C68EAE /* TestViewController.swift in Sources */ = {isa = PBXBuildFile; fileRef = DD64000828F6DD1B00C68EAE /* TestViewController.swift */; };
		DD64000B28F6DD2900C68EAE /* TestView.swift in Sources */ = {isa = PBXBuildFile; fileRef = DD64000A28F6DD2900C68EAE /* TestView.swift */; };
		DD73E7F528F421E600931654 /* MainTabBarController.swift in Sources */ = {isa = PBXBuildFile; fileRef = DD73E7F428F421E600931654 /* MainTabBarController.swift */; };
		DD73E7F828F426F900931654 /* UIViewController+Ext.swift in Sources */ = {isa = PBXBuildFile; fileRef = DD73E7F728F426F900931654 /* UIViewController+Ext.swift */; };
		DD73E7FB28F42F3000931654 /* SecureStore.swift in Sources */ = {isa = PBXBuildFile; fileRef = DD73E7FA28F42F3000931654 /* SecureStore.swift */; };
		DD73E7FD28F445B600931654 /* UIWindow+Ext.swift in Sources */ = {isa = PBXBuildFile; fileRef = DD73E7FC28F445B600931654 /* UIWindow+Ext.swift */; };
/* End PBXBuildFile section */

/* Begin PBXFileReference section */
		0327CE7028F2E7680096084C /* AchievementsModel.swift */ = {isa = PBXFileReference; fileEncoding = 4; lastKnownFileType = sourcecode.swift; path = AchievementsModel.swift; sourceTree = "<group>"; };
		0327CE9728F5A21C0096084C /* UIColor+Extension.swift */ = {isa = PBXFileReference; fileEncoding = 4; lastKnownFileType = sourcecode.swift; path = "UIColor+Extension.swift"; sourceTree = "<group>"; };
		0327CE9B28F5A2510096084C /* CollectionViewCellList.swift */ = {isa = PBXFileReference; fileEncoding = 4; lastKnownFileType = sourcecode.swift; path = CollectionViewCellList.swift; sourceTree = "<group>"; };
		0327CE9C28F5A2510096084C /* HeaderCollectionView.swift */ = {isa = PBXFileReference; fileEncoding = 4; lastKnownFileType = sourcecode.swift; path = HeaderCollectionView.swift; sourceTree = "<group>"; };
		0327CE9D28F5A2510096084C /* MainPageModel.swift */ = {isa = PBXFileReference; fileEncoding = 4; lastKnownFileType = sourcecode.swift; path = MainPageModel.swift; sourceTree = "<group>"; };
		0327CE9E28F5A2510096084C /* MainPageViewController.swift */ = {isa = PBXFileReference; fileEncoding = 4; lastKnownFileType = sourcecode.swift; path = MainPageViewController.swift; sourceTree = "<group>"; };
		03C2024128BA6DC100E5FFF3 /* MDFactory.app */ = {isa = PBXFileReference; explicitFileType = wrapper.application; includeInIndex = 0; path = MDFactory.app; sourceTree = BUILT_PRODUCTS_DIR; };
		03C2024428BA6DC100E5FFF3 /* AppDelegate.swift */ = {isa = PBXFileReference; lastKnownFileType = sourcecode.swift; path = AppDelegate.swift; sourceTree = "<group>"; };
		03C2024628BA6DC100E5FFF3 /* SceneDelegate.swift */ = {isa = PBXFileReference; lastKnownFileType = sourcecode.swift; path = SceneDelegate.swift; sourceTree = "<group>"; };
		03C2024D28BA6DC400E5FFF3 /* Assets.xcassets */ = {isa = PBXFileReference; lastKnownFileType = folder.assetcatalog; path = Assets.xcassets; sourceTree = "<group>"; };
		03C2025028BA6DC400E5FFF3 /* Base */ = {isa = PBXFileReference; lastKnownFileType = file.storyboard; name = Base; path = Base.lproj/LaunchScreen.storyboard; sourceTree = "<group>"; };
		03C2025228BA6DC400E5FFF3 /* Info.plist */ = {isa = PBXFileReference; lastKnownFileType = text.plist.xml; path = Info.plist; sourceTree = "<group>"; };
		0C5B0CFE6594C3F5393CB201 /* Pods-MDFactory.debug.xcconfig */ = {isa = PBXFileReference; includeInIndex = 1; lastKnownFileType = text.xcconfig; name = "Pods-MDFactory.debug.xcconfig"; path = "Target Support Files/Pods-MDFactory/Pods-MDFactory.debug.xcconfig"; sourceTree = "<group>"; };
		1347F47AC005B057B07830F4 /* Pods-MDFactory.release.xcconfig */ = {isa = PBXFileReference; includeInIndex = 1; lastKnownFileType = text.xcconfig; name = "Pods-MDFactory.release.xcconfig"; path = "Target Support Files/Pods-MDFactory/Pods-MDFactory.release.xcconfig"; sourceTree = "<group>"; };
		26796C3D8F30B29587004E94 /* Pods_MDFactory.framework */ = {isa = PBXFileReference; explicitFileType = wrapper.framework; includeInIndex = 0; path = Pods_MDFactory.framework; sourceTree = BUILT_PRODUCTS_DIR; };
		841121DD28DA2D3400983ACA /* MainCusomButton.swift */ = {isa = PBXFileReference; lastKnownFileType = sourcecode.swift; path = MainCusomButton.swift; sourceTree = "<group>"; };
		841121DF28DA4ADA00983ACA /* UIView+ExtensionWithCoreGraphics.swift */ = {isa = PBXFileReference; lastKnownFileType = sourcecode.swift; path = "UIView+ExtensionWithCoreGraphics.swift"; sourceTree = "<group>"; };
		844B109928DF07610043FEB8 /* LoginPageViewController.swift */ = {isa = PBXFileReference; lastKnownFileType = sourcecode.swift; path = LoginPageViewController.swift; sourceTree = "<group>"; };
		844B109C28DF1DAC0043FEB8 /* CustomLoginTextField.swift */ = {isa = PBXFileReference; lastKnownFileType = sourcecode.swift; path = CustomLoginTextField.swift; sourceTree = "<group>"; };
		84709F7128D9BC410036A4AB /* FirstPageViewController.swift */ = {isa = PBXFileReference; lastKnownFileType = sourcecode.swift; path = FirstPageViewController.swift; sourceTree = "<group>"; };
		84709F7328D9E1560036A4AB /* WelcomeLabel.swift */ = {isa = PBXFileReference; lastKnownFileType = sourcecode.swift; path = WelcomeLabel.swift; sourceTree = "<group>"; };
		A00E312228CB8C5500EC6FA5 /* ColorView.swift */ = {isa = PBXFileReference; lastKnownFileType = sourcecode.swift; path = ColorView.swift; sourceTree = "<group>"; };
		A04C036C28D7AFB8004E4D80 /* SheetProfileView.swift */ = {isa = PBXFileReference; lastKnownFileType = sourcecode.swift; path = SheetProfileView.swift; sourceTree = "<group>"; };
		A04C037928E05D90004E4D80 /* ProfileCollectionViewCell.swift */ = {isa = PBXFileReference; lastKnownFileType = sourcecode.swift; path = ProfileCollectionViewCell.swift; sourceTree = "<group>"; };
		A0BDD45028C3AA1B00786300 /* ProfileView.swift */ = {isa = PBXFileReference; lastKnownFileType = sourcecode.swift; path = ProfileView.swift; sourceTree = "<group>"; };
		A0BF832728C67C32001E6469 /* CircularView.swift */ = {isa = PBXFileReference; lastKnownFileType = sourcecode.swift; path = CircularView.swift; sourceTree = "<group>"; };
		A0C90E8928C0F86900630E61 /* ProfileViewController.swift */ = {isa = PBXFileReference; lastKnownFileType = sourcecode.swift; path = ProfileViewController.swift; sourceTree = "<group>"; };
		A0D9872728D3AF380040C9E5 /* ProgressView.swift */ = {isa = PBXFileReference; lastKnownFileType = sourcecode.swift; path = ProgressView.swift; sourceTree = "<group>"; };
		DD3C696A28F5A04F001DA207 /* GoogleService-Info.plist */ = {isa = PBXFileReference; fileEncoding = 4; lastKnownFileType = text.plist.xml; path = "GoogleService-Info.plist"; sourceTree = "<group>"; };
		DD3C696C28F5A5CF001DA207 /* FirebaseService.swift */ = {isa = PBXFileReference; lastKnownFileType = sourcecode.swift; path = FirebaseService.swift; sourceTree = "<group>"; };
		DD64000828F6DD1B00C68EAE /* TestViewController.swift */ = {isa = PBXFileReference; lastKnownFileType = sourcecode.swift; path = TestViewController.swift; sourceTree = "<group>"; };
		DD64000A28F6DD2900C68EAE /* TestView.swift */ = {isa = PBXFileReference; lastKnownFileType = sourcecode.swift; path = TestView.swift; sourceTree = "<group>"; };
		BA2F24B128C730C30043E253 /* HeaderCollectionView.swift */ = {isa = PBXFileReference; lastKnownFileType = sourcecode.swift; path = HeaderCollectionView.swift; sourceTree = "<group>"; };
		BA2F24B328C77F390043E253 /* Model.swift */ = {isa = PBXFileReference; lastKnownFileType = sourcecode.swift; path = Model.swift; sourceTree = "<group>"; };
		BA62B08128F8CA0F00A22370 /* CollectionViewCellGrid.swift */ = {isa = PBXFileReference; lastKnownFileType = sourcecode.swift; path = CollectionViewCellGrid.swift; sourceTree = "<group>"; };
		BA62B08B2906811700A22370 /* MainPagePresenter.swift */ = {isa = PBXFileReference; lastKnownFileType = sourcecode.swift; path = MainPagePresenter.swift; sourceTree = "<group>"; };
		BA62B08D2906AE9400A22370 /* CollectionViewCellProtocol.swift */ = {isa = PBXFileReference; lastKnownFileType = sourcecode.swift; path = CollectionViewCellProtocol.swift; sourceTree = "<group>"; };
		BADD53C528C0A1EE0084419D /* MainPage.swift */ = {isa = PBXFileReference; lastKnownFileType = sourcecode.swift; path = MainPage.swift; sourceTree = "<group>"; };
		BADD53ED28C6291E0084419D /* CollectionViewCell.swift */ = {isa = PBXFileReference; lastKnownFileType = sourcecode.swift; path = CollectionViewCell.swift; sourceTree = "<group>"; };
		DD73E7F428F421E600931654 /* MainTabBarController.swift */ = {isa = PBXFileReference; lastKnownFileType = sourcecode.swift; path = MainTabBarController.swift; sourceTree = "<group>"; };
		DD73E7F728F426F900931654 /* UIViewController+Extension.swift */ = {isa = PBXFileReference; lastKnownFileType = sourcecode.swift; path = "UIViewController+Extension.swift"; sourceTree = "<group>"; };
		DD73E7FA28F42F3000931654 /* SecureStore.swift */ = {isa = PBXFileReference; lastKnownFileType = sourcecode.swift; path = SecureStore.swift; sourceTree = "<group>"; };
		DD73E7FC28F445B600931654 /* UIWindow+Extension.swift */ = {isa = PBXFileReference; lastKnownFileType = sourcecode.swift; path = "UIWindow+Extension.swift"; sourceTree = "<group>"; };
/* End PBXFileReference section */

/* Begin PBXFrameworksBuildPhase section */
		03C2023E28BA6DC100E5FFF3 /* Frameworks */ = {
			isa = PBXFrameworksBuildPhase;
			buildActionMask = 2147483647;
			files = (
				89C0DEB817BEB9F0BE58910C /* Pods_MDFactory.framework in Frameworks */,
			);
			runOnlyForDeploymentPostprocessing = 0;
		};
/* End PBXFrameworksBuildPhase section */

/* Begin PBXGroup section */
		0327CE6F28F2E7500096084C /* Models */ = {
			isa = PBXGroup;
			children = (
				0327CE7028F2E7680096084C /* AchievementsModel.swift */,
			);
			path = Models;
			sourceTree = "<group>";
		};
		0327CE7228F586610096084C /* Extensions */ = {
			isa = PBXGroup;
			children = (
				841121DF28DA4ADA00983ACA /* UIView+ExtensionWithCoreGraphics.swift */,
				DD73E7F728F426F900931654 /* UIViewController+Extension.swift */,
				DD73E7FC28F445B600931654 /* UIWindow+Extension.swift */,
				0327CE9728F5A21C0096084C /* UIColor+Extension.swift */,
			);
			path = Extensions;
			sourceTree = "<group>";
		};
		0327CE9628F5A0950096084C /* Recovered References */ = {
			isa = PBXGroup;
			children = (
				BADD53C528C0A1EE0084419D /* MainPage.swift */,
				BADD53ED28C6291E0084419D /* CollectionViewCell.swift */,
				BA2F24B128C730C30043E253 /* HeaderCollectionView.swift */,
				BA2F24B328C77F390043E253 /* Model.swift */,
			);
			name = "Recovered References";
			sourceTree = "<group>";
		};
		0327CE9928F5A2300096084C /* MDF-3 */ = {
			isa = PBXGroup;
			children = (
				BA62B08528FEC2CF00A22370 /* Assembler */,
				0327CE9A28F5A2380096084C /* View */,
				BA62B08628FEC2EF00A22370 /* Presenter */,
				0327CEB628F5A41D0096084C /* Model */,
			);
			path = "MDF-3";
			sourceTree = "<group>";
		};
		0327CE9A28F5A2380096084C /* View */ = {
			isa = PBXGroup;
			children = (
				0327CEB828F5A4300096084C /* Header */,
				0327CEB728F5A4260096084C /* Cell */,
				0327CE9E28F5A2510096084C /* MainPageViewController.swift */,
			);
			path = View;
			sourceTree = "<group>";
		};
		0327CEB628F5A41D0096084C /* Model */ = {
			isa = PBXGroup;
			children = (
				0327CE9D28F5A2510096084C /* MainPageModel.swift */,
			);
			path = Model;
			sourceTree = "<group>";
		};
		0327CEB728F5A4260096084C /* Cell */ = {
			isa = PBXGroup;
			children = (
				0327CE9B28F5A2510096084C /* CollectionViewCellList.swift */,
				BA62B08128F8CA0F00A22370 /* CollectionViewCellGrid.swift */,
				BA62B08D2906AE9400A22370 /* CollectionViewCellProtocol.swift */,
			);
			path = Cell;
			sourceTree = "<group>";
		};
		0327CEB828F5A4300096084C /* Header */ = {
			isa = PBXGroup;
			children = (
				0327CE9C28F5A2510096084C /* HeaderCollectionView.swift */,
			);
			path = Header;
			sourceTree = "<group>";
		};
		03C2023828BA6DC000E5FFF3 = {
			isa = PBXGroup;
			children = (
				03C2024328BA6DC100E5FFF3 /* MDFactory */,
				DD3C696A28F5A04F001DA207 /* GoogleService-Info.plist */,
				03C2024228BA6DC100E5FFF3 /* Products */,
				B3F02D1E21566D468A29EC8A /* Pods */,
				0327CE9628F5A0950096084C /* Recovered References */,
			);
			sourceTree = "<group>";
		};
		03C2024228BA6DC100E5FFF3 /* Products */ = {
			isa = PBXGroup;
			children = (
				03C2024128BA6DC100E5FFF3 /* MDFactory.app */,
			);
			name = Products;
			sourceTree = "<group>";
		};
		03C2024328BA6DC100E5FFF3 /* MDFactory */ = {
			isa = PBXGroup;
			children = (
				DDB01FCB28BFBC6F00E67A34 /* Sources */,
				DDB01FC928BFBC4F00E67A34 /* Resources */,
			);
			path = MDFactory;
			sourceTree = "<group>";
		};
		151C6B28CEABBA8BFA4E94E3 /* Frameworks */ = {
			isa = PBXGroup;
			children = (
				26796C3D8F30B29587004E94 /* Pods_MDFactory.framework */,
			);
			name = Frameworks;
			path = ..;
			sourceTree = "<group>";
		};
		844B109728DF06F60043FEB8 /* LoginPage */ = {
			isa = PBXGroup;
			children = (
				844B109828DF07310043FEB8 /* View */,
			);
			path = LoginPage;
			sourceTree = "<group>";
		};
		844B109828DF07310043FEB8 /* View */ = {
			isa = PBXGroup;
			children = (
				844B109B28DF1D8A0043FEB8 /* CustomUI */,
				844B109928DF07610043FEB8 /* LoginPageViewController.swift */,
			);
			path = View;
			sourceTree = "<group>";
		};
		844B109B28DF1D8A0043FEB8 /* CustomUI */ = {
			isa = PBXGroup;
			children = (
				844B109C28DF1DAC0043FEB8 /* CustomLoginTextField.swift */,
			);
			path = CustomUI;
			sourceTree = "<group>";
		};
		84709F6E28D9B0870036A4AB /* MDF-2 */ = {
			isa = PBXGroup;
			children = (
				844B109728DF06F60043FEB8 /* LoginPage */,
				84709F6F28D9BB510036A4AB /* FirstPage */,
			);
			path = "MDF-2";
			sourceTree = "<group>";
		};
		84709F6F28D9BB510036A4AB /* FirstPage */ = {
			isa = PBXGroup;
			children = (
				84709F7028D9BB640036A4AB /* View */,
			);
			path = FirstPage;
			sourceTree = "<group>";
		};
		84709F7028D9BB640036A4AB /* View */ = {
			isa = PBXGroup;
			children = (
				84709F7128D9BC410036A4AB /* FirstPageViewController.swift */,
				84709F7528D9E15A0036A4AB /* CustomUI */,
			);
			path = View;
			sourceTree = "<group>";
		};
		84709F7528D9E15A0036A4AB /* CustomUI */ = {
			isa = PBXGroup;
			children = (
				84709F7328D9E1560036A4AB /* WelcomeLabel.swift */,
				841121DD28DA2D3400983ACA /* MainCusomButton.swift */,
			);
			path = CustomUI;
			sourceTree = "<group>";
		};
		A04C036E28D8EE3E004E4D80 /* Controllers */ = {
			isa = PBXGroup;
			children = (
				A0C90E8928C0F86900630E61 /* ProfileViewController.swift */,
			);
			path = Controllers;
			sourceTree = "<group>";
		};
		A0B6209C28CFDDFD00BB5192 /* Enums */ = {
			isa = PBXGroup;
			children = (
				A00E312228CB8C5500EC6FA5 /* ColorView.swift */,
			);
			path = Enums;
			sourceTree = "<group>";
		};
		A0BDD44D28C3904800786300 /* View */ = {
			isa = PBXGroup;
			children = (
				A0D9872628D3AF0C0040C9E5 /* Circular */,
				A0BDD45028C3AA1B00786300 /* ProfileView.swift */,
				A04C036C28D7AFB8004E4D80 /* SheetProfileView.swift */,
				A04C037928E05D90004E4D80 /* ProfileCollectionViewCell.swift */,
			);
			path = View;
			sourceTree = "<group>";
		};
		A0C90E8828C0F79F00630E61 /* MDF-4 */ = {
			isa = PBXGroup;
			children = (
				0327CE6F28F2E7500096084C /* Models */,
				A04C036E28D8EE3E004E4D80 /* Controllers */,
				A0B6209C28CFDDFD00BB5192 /* Enums */,
				A0BDD44D28C3904800786300 /* View */,
			);
			path = "MDF-4";
			sourceTree = "<group>";
		};
		A0D9872628D3AF0C0040C9E5 /* Circular */ = {
			isa = PBXGroup;
			children = (
				A0BF832728C67C32001E6469 /* CircularView.swift */,
				A0D9872728D3AF380040C9E5 /* ProgressView.swift */,
			);
			path = Circular;
			sourceTree = "<group>";
		};
		B3F02D1E21566D468A29EC8A /* Pods */ = {
			isa = PBXGroup;
			children = (
				151C6B28CEABBA8BFA4E94E3 /* Frameworks */,
				0C5B0CFE6594C3F5393CB201 /* Pods-MDFactory.debug.xcconfig */,
				1347F47AC005B057B07830F4 /* Pods-MDFactory.release.xcconfig */,
			);
			path = Pods;
			sourceTree = "<group>";
		};
		BA62B08528FEC2CF00A22370 /* Assembler */ = {
			isa = PBXGroup;
			children = (
			);
			path = Assembler;
			sourceTree = "<group>";
		};
		BA62B08628FEC2EF00A22370 /* Presenter */ = {
			isa = PBXGroup;
			children = (
				BA62B08B2906811700A22370 /* MainPagePresenter.swift */,
			);
			path = Presenter;
			sourceTree = "<group>";
		};
		BADD53EA28C61FFB0084419D /* Extension */ = {
			isa = PBXGroup;
			children = (
				BADD53EB28C620470084419D /* UIColor+Extension.swift */,
			);
			path = Extension;
			sourceTree = "<group>";
		};
		DD64000628F6DCB600C68EAE /* MDF-7 */ = {
			isa = PBXGroup;
			children = (
				DD64000728F6DCC800C68EAE /* View */,
			);
			path = "MDF-7";
			sourceTree = "<group>";
		};
		DD64000728F6DCC800C68EAE /* View */ = {
			isa = PBXGroup;
			children = (
				DD64000A28F6DD2900C68EAE /* TestView.swift */,
				DD64000828F6DD1B00C68EAE /* TestViewController.swift */,
			);
			path = View;
			sourceTree = "<group>";
		};
		DD73E7F228F4219D00931654 /* MDF-6 */ = {
			isa = PBXGroup;
			children = (
				DD73E7F328F421AD00931654 /* View */,
			);
			path = "MDF-6";
			sourceTree = "<group>";
		};
		DD73E7F328F421AD00931654 /* View */ = {
			isa = PBXGroup;
			children = (
				DD73E7F428F421E600931654 /* MainTabBarController.swift */,
			);
			path = View;
			sourceTree = "<group>";
		};
		DD73E7F928F42EF400931654 /* Services */ = {
			isa = PBXGroup;
			children = (
				DD3C696C28F5A5CF001DA207 /* FirebaseService.swift */,
				DD73E7FA28F42F3000931654 /* SecureStore.swift */,
			);
			path = Services;
			sourceTree = "<group>";
		};
		DDB01FC928BFBC4F00E67A34 /* Resources */ = {
			isa = PBXGroup;
			children = (
				03C2024D28BA6DC400E5FFF3 /* Assets.xcassets */,
				03C2024F28BA6DC400E5FFF3 /* LaunchScreen.storyboard */,
				DDB01FCA28BFBC5B00E67A34 /* Configuration */,
			);
			path = Resources;
			sourceTree = "<group>";
		};
		DDB01FCA28BFBC5B00E67A34 /* Configuration */ = {
			isa = PBXGroup;
			children = (
				03C2025228BA6DC400E5FFF3 /* Info.plist */,
			);
			path = Configuration;
			sourceTree = "<group>";
		};
		DDB01FCB28BFBC6F00E67A34 /* Sources */ = {
			isa = PBXGroup;
			children = (
				0327CE7228F586610096084C /* Extensions */,
				DDB01FCC28BFBC7300E67A34 /* Application */,
				DDB01FCD28BFBC7E00E67A34 /* Scenes */,
				DD73E7F928F42EF400931654 /* Services */,
			);
			path = Sources;
			sourceTree = "<group>";
		};
		DDB01FCC28BFBC7300E67A34 /* Application */ = {
			isa = PBXGroup;
			children = (
				03C2024428BA6DC100E5FFF3 /* AppDelegate.swift */,
				03C2024628BA6DC100E5FFF3 /* SceneDelegate.swift */,
			);
			path = Application;
			sourceTree = "<group>";
		};
		DDB01FCD28BFBC7E00E67A34 /* Scenes */ = {
			isa = PBXGroup;
			children = (
				0327CE9928F5A2300096084C /* MDF-3 */,
				84709F6E28D9B0870036A4AB /* MDF-2 */,
				A0C90E8828C0F79F00630E61 /* MDF-4 */,
				DD73E7F228F4219D00931654 /* MDF-6 */,
				DD64000628F6DCB600C68EAE /* MDF-7 */,
			);
			path = Scenes;
			sourceTree = "<group>";
		};
/* End PBXGroup section */

/* Begin PBXNativeTarget section */
		03C2024028BA6DC100E5FFF3 /* MDFactory */ = {
			isa = PBXNativeTarget;
			buildConfigurationList = 03C2025528BA6DC400E5FFF3 /* Build configuration list for PBXNativeTarget "MDFactory" */;
			buildPhases = (
				79B1E4975D2941FD1168A1D0 /* [CP] Check Pods Manifest.lock */,
				03C2023D28BA6DC100E5FFF3 /* Sources */,
				03C2023E28BA6DC100E5FFF3 /* Frameworks */,
				03C2023F28BA6DC100E5FFF3 /* Resources */,
				1B57F28C30EB374F1201CD68 /* [CP] Embed Pods Frameworks */,
			);
			buildRules = (
			);
			dependencies = (
			);
			name = MDFactory;
			productName = MDFactory;
			productReference = 03C2024128BA6DC100E5FFF3 /* MDFactory.app */;
			productType = "com.apple.product-type.application";
		};
/* End PBXNativeTarget section */

/* Begin PBXProject section */
		03C2023928BA6DC100E5FFF3 /* Project object */ = {
			isa = PBXProject;
			attributes = {
				BuildIndependentTargetsInParallel = 1;
				LastSwiftUpdateCheck = 1320;
				LastUpgradeCheck = 1320;
				TargetAttributes = {
					03C2024028BA6DC100E5FFF3 = {
						CreatedOnToolsVersion = 13.2.1;
					};
				};
			};
			buildConfigurationList = 03C2023C28BA6DC100E5FFF3 /* Build configuration list for PBXProject "MDFactory" */;
			compatibilityVersion = "Xcode 13.0";
			developmentRegion = en;
			hasScannedForEncodings = 0;
			knownRegions = (
				en,
				Base,
			);
			mainGroup = 03C2023828BA6DC000E5FFF3;
			productRefGroup = 03C2024228BA6DC100E5FFF3 /* Products */;
			projectDirPath = "";
			projectRoot = "";
			targets = (
				03C2024028BA6DC100E5FFF3 /* MDFactory */,
			);
		};
/* End PBXProject section */

/* Begin PBXResourcesBuildPhase section */
		03C2023F28BA6DC100E5FFF3 /* Resources */ = {
			isa = PBXResourcesBuildPhase;
			buildActionMask = 2147483647;
			files = (
				03C2025128BA6DC400E5FFF3 /* LaunchScreen.storyboard in Resources */,
				03C2024E28BA6DC400E5FFF3 /* Assets.xcassets in Resources */,
				DD3C696B28F5A04F001DA207 /* GoogleService-Info.plist in Resources */,
			);
			runOnlyForDeploymentPostprocessing = 0;
		};
/* End PBXResourcesBuildPhase section */

/* Begin PBXShellScriptBuildPhase section */
		1B57F28C30EB374F1201CD68 /* [CP] Embed Pods Frameworks */ = {
			isa = PBXShellScriptBuildPhase;
			buildActionMask = 2147483647;
			files = (
			);
			inputFileListPaths = (
				"${PODS_ROOT}/Target Support Files/Pods-MDFactory/Pods-MDFactory-frameworks-${CONFIGURATION}-input-files.xcfilelist",
			);
			name = "[CP] Embed Pods Frameworks";
			outputFileListPaths = (
				"${PODS_ROOT}/Target Support Files/Pods-MDFactory/Pods-MDFactory-frameworks-${CONFIGURATION}-output-files.xcfilelist",
			);
			runOnlyForDeploymentPostprocessing = 0;
			shellPath = /bin/sh;
			shellScript = "\"${PODS_ROOT}/Target Support Files/Pods-MDFactory/Pods-MDFactory-frameworks.sh\"\n";
			showEnvVarsInLog = 0;
		};
		79B1E4975D2941FD1168A1D0 /* [CP] Check Pods Manifest.lock */ = {
			isa = PBXShellScriptBuildPhase;
			buildActionMask = 2147483647;
			files = (
			);
			inputFileListPaths = (
			);
			inputPaths = (
				"${PODS_PODFILE_DIR_PATH}/Podfile.lock",
				"${PODS_ROOT}/Manifest.lock",
			);
			name = "[CP] Check Pods Manifest.lock";
			outputFileListPaths = (
			);
			outputPaths = (
				"$(DERIVED_FILE_DIR)/Pods-MDFactory-checkManifestLockResult.txt",
			);
			runOnlyForDeploymentPostprocessing = 0;
			shellPath = /bin/sh;
			shellScript = "diff \"${PODS_PODFILE_DIR_PATH}/Podfile.lock\" \"${PODS_ROOT}/Manifest.lock\" > /dev/null\nif [ $? != 0 ] ; then\n    # print error to STDERR\n    echo \"error: The sandbox is not in sync with the Podfile.lock. Run 'pod install' or update your CocoaPods installation.\" >&2\n    exit 1\nfi\n# This output is used by Xcode 'outputs' to avoid re-running this script phase.\necho \"SUCCESS\" > \"${SCRIPT_OUTPUT_FILE_0}\"\n";
			showEnvVarsInLog = 0;
		};
/* End PBXShellScriptBuildPhase section */

/* Begin PBXSourcesBuildPhase section */
		03C2023D28BA6DC100E5FFF3 /* Sources */ = {
			isa = PBXSourcesBuildPhase;
			buildActionMask = 2147483647;
			files = (
				0327CEA428F5A34A0096084C /* UIView+ExtensionWithCoreGraphics.swift in Sources */,
				0327CEA528F5A34A0096084C /* UIViewController+Extension.swift in Sources */,
				BA62B08228F8CA0F00A22370 /* CollectionViewCellGrid.swift in Sources */,
				0327CEA628F5A34A0096084C /* UIWindow+Extension.swift in Sources */,
				0327CEA728F5A34A0096084C /* CustomLoginTextField.swift in Sources */,
				0327CEA828F5A34A0096084C /* LoginPageViewController.swift in Sources */,
				0327CEA928F5A34A0096084C /* FirstPageViewController.swift in Sources */,
				0327CEAA28F5A34A0096084C /* WelcomeLabel.swift in Sources */,
				0327CEAB28F5A34A0096084C /* MainCusomButton.swift in Sources */,
				0327CEAC28F5A34A0096084C /* AchievementsModel.swift in Sources */,
				0327CEAD28F5A34A0096084C /* ProfileViewController.swift in Sources */,
				0327CEAE28F5A34A0096084C /* ColorView.swift in Sources */,
				0327CEAF28F5A34A0096084C /* CircularView.swift in Sources */,
				0327CEB028F5A34A0096084C /* ProgressView.swift in Sources */,
				0327CEB128F5A34A0096084C /* ProfileView.swift in Sources */,
				0327CEB228F5A34A0096084C /* SheetProfileView.swift in Sources */,
				0327CEB328F5A34A0096084C /* ProfileCollectionViewCell.swift in Sources */,
				0327CEB428F5A34A0096084C /* MainTabBarController.swift in Sources */,
				0327CEB528F5A34A0096084C /* SecureStore.swift in Sources */,
				0327CEA328F5A2EE0096084C /* AppDelegate.swift in Sources */,
				0327CEA128F5A2510096084C /* Model.swift in Sources */,
				0327CE9F28F5A2510096084C /* CollectionViewCellList.swift in Sources */,
				0327CEA228F5A2510096084C /* MainPageViewController.swift in Sources */,
				0327CE9828F5A21C0096084C /* UIColor+Extension.swift in Sources */,
				0327CEA028F5A2510096084C /* HeaderCollectionView.swift in Sources */,
				BADD53C628C0A1EE0084419D /* MainPage.swift in Sources */,
				03C2024528BA6DC100E5FFF3 /* AppDelegate.swift in Sources */,
				BADD53EE28C6291E0084419D /* CollectionViewCell.swift in Sources */,
				BA2F24B228C730C30043E253 /* HeaderCollectionView.swift in Sources */,
				DDB01FD228BFBD2100E67A34 /* MainTabBarController.swift in Sources */,
				BADD53EE28C6291E0084419D /* CollectionViewCell.swift in Sources */,
				03C2024728BA6DC100E5FFF3 /* SceneDelegate.swift in Sources */,
			);
			runOnlyForDeploymentPostprocessing = 0;
		};
/* End PBXSourcesBuildPhase section */

/* Begin PBXVariantGroup section */
		03C2024F28BA6DC400E5FFF3 /* LaunchScreen.storyboard */ = {
			isa = PBXVariantGroup;
			children = (
				03C2025028BA6DC400E5FFF3 /* Base */,
			);
			name = LaunchScreen.storyboard;
			sourceTree = "<group>";
		};
/* End PBXVariantGroup section */

/* Begin XCBuildConfiguration section */
		03C2025328BA6DC400E5FFF3 /* Debug */ = {
			isa = XCBuildConfiguration;
			buildSettings = {
				ALWAYS_SEARCH_USER_PATHS = NO;
				CLANG_ANALYZER_NONNULL = YES;
				CLANG_ANALYZER_NUMBER_OBJECT_CONVERSION = YES_AGGRESSIVE;
				CLANG_CXX_LANGUAGE_STANDARD = "gnu++17";
				CLANG_CXX_LIBRARY = "libc++";
				CLANG_ENABLE_MODULES = YES;
				CLANG_ENABLE_OBJC_ARC = YES;
				CLANG_ENABLE_OBJC_WEAK = YES;
				CLANG_WARN_BLOCK_CAPTURE_AUTORELEASING = YES;
				CLANG_WARN_BOOL_CONVERSION = YES;
				CLANG_WARN_COMMA = YES;
				CLANG_WARN_CONSTANT_CONVERSION = YES;
				CLANG_WARN_DEPRECATED_OBJC_IMPLEMENTATIONS = YES;
				CLANG_WARN_DIRECT_OBJC_ISA_USAGE = YES_ERROR;
				CLANG_WARN_DOCUMENTATION_COMMENTS = YES;
				CLANG_WARN_EMPTY_BODY = YES;
				CLANG_WARN_ENUM_CONVERSION = YES;
				CLANG_WARN_INFINITE_RECURSION = YES;
				CLANG_WARN_INT_CONVERSION = YES;
				CLANG_WARN_NON_LITERAL_NULL_CONVERSION = YES;
				CLANG_WARN_OBJC_IMPLICIT_RETAIN_SELF = YES;
				CLANG_WARN_OBJC_LITERAL_CONVERSION = YES;
				CLANG_WARN_OBJC_ROOT_CLASS = YES_ERROR;
				CLANG_WARN_QUOTED_INCLUDE_IN_FRAMEWORK_HEADER = YES;
				CLANG_WARN_RANGE_LOOP_ANALYSIS = YES;
				CLANG_WARN_STRICT_PROTOTYPES = YES;
				CLANG_WARN_SUSPICIOUS_MOVE = YES;
				CLANG_WARN_UNGUARDED_AVAILABILITY = YES_AGGRESSIVE;
				CLANG_WARN_UNREACHABLE_CODE = YES;
				CLANG_WARN__DUPLICATE_METHOD_MATCH = YES;
				COPY_PHASE_STRIP = NO;
				DEBUG_INFORMATION_FORMAT = dwarf;
				ENABLE_STRICT_OBJC_MSGSEND = YES;
				ENABLE_TESTABILITY = YES;
				GCC_C_LANGUAGE_STANDARD = gnu11;
				GCC_DYNAMIC_NO_PIC = NO;
				GCC_NO_COMMON_BLOCKS = YES;
				GCC_OPTIMIZATION_LEVEL = 0;
				GCC_PREPROCESSOR_DEFINITIONS = (
					"DEBUG=1",
					"$(inherited)",
				);
				GCC_WARN_64_TO_32_BIT_CONVERSION = YES;
				GCC_WARN_ABOUT_RETURN_TYPE = YES_ERROR;
				GCC_WARN_UNDECLARED_SELECTOR = YES;
				GCC_WARN_UNINITIALIZED_AUTOS = YES_AGGRESSIVE;
				GCC_WARN_UNUSED_FUNCTION = YES;
				GCC_WARN_UNUSED_VARIABLE = YES;
				IPHONEOS_DEPLOYMENT_TARGET = 15.4;
				MTL_ENABLE_DEBUG_INFO = INCLUDE_SOURCE;
				MTL_FAST_MATH = YES;
				ONLY_ACTIVE_ARCH = YES;
				SDKROOT = iphoneos;
				SWIFT_ACTIVE_COMPILATION_CONDITIONS = DEBUG;
				SWIFT_OPTIMIZATION_LEVEL = "-Onone";
				"SWIFT_PRECOMPILE_BRIDGING_HEADER[arch=*]" = YES;
			};
			name = Debug;
		};
		03C2025428BA6DC400E5FFF3 /* Release */ = {
			isa = XCBuildConfiguration;
			buildSettings = {
				ALWAYS_SEARCH_USER_PATHS = NO;
				CLANG_ANALYZER_NONNULL = YES;
				CLANG_ANALYZER_NUMBER_OBJECT_CONVERSION = YES_AGGRESSIVE;
				CLANG_CXX_LANGUAGE_STANDARD = "gnu++17";
				CLANG_CXX_LIBRARY = "libc++";
				CLANG_ENABLE_MODULES = YES;
				CLANG_ENABLE_OBJC_ARC = YES;
				CLANG_ENABLE_OBJC_WEAK = YES;
				CLANG_WARN_BLOCK_CAPTURE_AUTORELEASING = YES;
				CLANG_WARN_BOOL_CONVERSION = YES;
				CLANG_WARN_COMMA = YES;
				CLANG_WARN_CONSTANT_CONVERSION = YES;
				CLANG_WARN_DEPRECATED_OBJC_IMPLEMENTATIONS = YES;
				CLANG_WARN_DIRECT_OBJC_ISA_USAGE = YES_ERROR;
				CLANG_WARN_DOCUMENTATION_COMMENTS = YES;
				CLANG_WARN_EMPTY_BODY = YES;
				CLANG_WARN_ENUM_CONVERSION = YES;
				CLANG_WARN_INFINITE_RECURSION = YES;
				CLANG_WARN_INT_CONVERSION = YES;
				CLANG_WARN_NON_LITERAL_NULL_CONVERSION = YES;
				CLANG_WARN_OBJC_IMPLICIT_RETAIN_SELF = YES;
				CLANG_WARN_OBJC_LITERAL_CONVERSION = YES;
				CLANG_WARN_OBJC_ROOT_CLASS = YES_ERROR;
				CLANG_WARN_QUOTED_INCLUDE_IN_FRAMEWORK_HEADER = YES;
				CLANG_WARN_RANGE_LOOP_ANALYSIS = YES;
				CLANG_WARN_STRICT_PROTOTYPES = YES;
				CLANG_WARN_SUSPICIOUS_MOVE = YES;
				CLANG_WARN_UNGUARDED_AVAILABILITY = YES_AGGRESSIVE;
				CLANG_WARN_UNREACHABLE_CODE = YES;
				CLANG_WARN__DUPLICATE_METHOD_MATCH = YES;
				COPY_PHASE_STRIP = NO;
				DEBUG_INFORMATION_FORMAT = "dwarf-with-dsym";
				ENABLE_NS_ASSERTIONS = NO;
				ENABLE_STRICT_OBJC_MSGSEND = YES;
				GCC_C_LANGUAGE_STANDARD = gnu11;
				GCC_NO_COMMON_BLOCKS = YES;
				GCC_WARN_64_TO_32_BIT_CONVERSION = YES;
				GCC_WARN_ABOUT_RETURN_TYPE = YES_ERROR;
				GCC_WARN_UNDECLARED_SELECTOR = YES;
				GCC_WARN_UNINITIALIZED_AUTOS = YES_AGGRESSIVE;
				GCC_WARN_UNUSED_FUNCTION = YES;
				GCC_WARN_UNUSED_VARIABLE = YES;
				IPHONEOS_DEPLOYMENT_TARGET = 15.4;
				MTL_ENABLE_DEBUG_INFO = NO;
				MTL_FAST_MATH = YES;
				SDKROOT = iphoneos;
				SWIFT_COMPILATION_MODE = wholemodule;
				SWIFT_OPTIMIZATION_LEVEL = "-O";
				VALIDATE_PRODUCT = YES;
			};
			name = Release;
		};
		03C2025628BA6DC400E5FFF3 /* Debug */ = {
			isa = XCBuildConfiguration;
			baseConfigurationReference = 0C5B0CFE6594C3F5393CB201 /* Pods-MDFactory.debug.xcconfig */;
			buildSettings = {
				ASSETCATALOG_COMPILER_APPICON_NAME = AppIcon;
				ASSETCATALOG_COMPILER_GLOBAL_ACCENT_COLOR_NAME = AccentColor;
				CODE_SIGN_STYLE = Automatic;
				CURRENT_PROJECT_VERSION = 1;
				DEVELOPMENT_TEAM = 7T99AX3SG2;
				GENERATE_INFOPLIST_FILE = YES;
				INFOPLIST_FILE = MDFactory/Resources/Configuration/Info.plist;
				INFOPLIST_KEY_UIApplicationSupportsIndirectInputEvents = YES;
				INFOPLIST_KEY_UILaunchStoryboardName = LaunchScreen;
				INFOPLIST_KEY_UISupportedInterfaceOrientations_iPad = "UIInterfaceOrientationPortrait UIInterfaceOrientationPortraitUpsideDown UIInterfaceOrientationLandscapeLeft UIInterfaceOrientationLandscapeRight";
				INFOPLIST_KEY_UISupportedInterfaceOrientations_iPhone = "UIInterfaceOrientationPortrait UIInterfaceOrientationLandscapeLeft UIInterfaceOrientationLandscapeRight";
				IPHONEOS_DEPLOYMENT_TARGET = 15.2;
				LD_RUNPATH_SEARCH_PATHS = (
					"$(inherited)",
					"@executable_path/Frameworks",
				);
				MARKETING_VERSION = 1.0;
				PRODUCT_BUNDLE_IDENTIFIER = ru.farsstudio.MDFactory;
				PRODUCT_NAME = "$(TARGET_NAME)";
				SWIFT_EMIT_LOC_STRINGS = YES;
				SWIFT_VERSION = 5.0;
				TARGETED_DEVICE_FAMILY = "1,2";
			};
			name = Debug;
		};
		03C2025728BA6DC400E5FFF3 /* Release */ = {
			isa = XCBuildConfiguration;
			baseConfigurationReference = 1347F47AC005B057B07830F4 /* Pods-MDFactory.release.xcconfig */;
			buildSettings = {
				ASSETCATALOG_COMPILER_APPICON_NAME = AppIcon;
				ASSETCATALOG_COMPILER_GLOBAL_ACCENT_COLOR_NAME = AccentColor;
				CODE_SIGN_STYLE = Automatic;
				CURRENT_PROJECT_VERSION = 1;
				DEVELOPMENT_TEAM = 7T99AX3SG2;
				GENERATE_INFOPLIST_FILE = YES;
				INFOPLIST_FILE = MDFactory/Resources/Configuration/Info.plist;
				INFOPLIST_KEY_UIApplicationSupportsIndirectInputEvents = YES;
				INFOPLIST_KEY_UILaunchStoryboardName = LaunchScreen;
				INFOPLIST_KEY_UISupportedInterfaceOrientations_iPad = "UIInterfaceOrientationPortrait UIInterfaceOrientationPortraitUpsideDown UIInterfaceOrientationLandscapeLeft UIInterfaceOrientationLandscapeRight";
				INFOPLIST_KEY_UISupportedInterfaceOrientations_iPhone = "UIInterfaceOrientationPortrait UIInterfaceOrientationLandscapeLeft UIInterfaceOrientationLandscapeRight";
				IPHONEOS_DEPLOYMENT_TARGET = 15.2;
				LD_RUNPATH_SEARCH_PATHS = (
					"$(inherited)",
					"@executable_path/Frameworks",
				);
				MARKETING_VERSION = 1.0;
				PRODUCT_BUNDLE_IDENTIFIER = ru.farsstudio.MDFactory;
				PRODUCT_NAME = "$(TARGET_NAME)";
				SWIFT_EMIT_LOC_STRINGS = YES;
				SWIFT_VERSION = 5.0;
				TARGETED_DEVICE_FAMILY = "1,2";
			};
			name = Release;
		};
/* End XCBuildConfiguration section */

/* Begin XCConfigurationList section */
		03C2023C28BA6DC100E5FFF3 /* Build configuration list for PBXProject "MDFactory" */ = {
			isa = XCConfigurationList;
			buildConfigurations = (
				03C2025328BA6DC400E5FFF3 /* Debug */,
				03C2025428BA6DC400E5FFF3 /* Release */,
			);
			defaultConfigurationIsVisible = 0;
			defaultConfigurationName = Debug;
		};
		03C2025528BA6DC400E5FFF3 /* Build configuration list for PBXNativeTarget "MDFactory" */ = {
			isa = XCConfigurationList;
			buildConfigurations = (
				03C2025628BA6DC400E5FFF3 /* Debug */,
				03C2025728BA6DC400E5FFF3 /* Release */,
			);
			defaultConfigurationIsVisible = 0;
			defaultConfigurationName = Debug;
		};
/* End XCConfigurationList section */
	};
	rootObject = 03C2023928BA6DC100E5FFF3 /* Project object */;
}
