// !$*UTF8*$!
{
	archiveVersion = 1;
	classes = {
	};
	objectVersion = 55;
	objects = {

/* Begin PBXBuildFile section */
		03C2024528BA6DC100E5FFF3 /* AppDelegate.swift in Sources */ = {isa = PBXBuildFile; fileRef = 03C2024428BA6DC100E5FFF3 /* AppDelegate.swift */; };
		03C2024728BA6DC100E5FFF3 /* SceneDelegate.swift in Sources */ = {isa = PBXBuildFile; fileRef = 03C2024628BA6DC100E5FFF3 /* SceneDelegate.swift */; };
		03C2024E28BA6DC400E5FFF3 /* Assets.xcassets in Resources */ = {isa = PBXBuildFile; fileRef = 03C2024D28BA6DC400E5FFF3 /* Assets.xcassets */; };
		03C2025128BA6DC400E5FFF3 /* LaunchScreen.storyboard in Resources */ = {isa = PBXBuildFile; fileRef = 03C2024F28BA6DC400E5FFF3 /* LaunchScreen.storyboard */; };
		89C0DEB817BEB9F0BE58910C /* Pods_MDFactory.framework in Frameworks */ = {isa = PBXBuildFile; fileRef = 26796C3D8F30B29587004E94 /* Pods_MDFactory.framework */; };
		A00E312328CB8C5600EC6FA5 /* ColorView.swift in Sources */ = {isa = PBXBuildFile; fileRef = A00E312228CB8C5500EC6FA5 /* ColorView.swift */; };
		A078FD0128C2545F0051E23B /* BottomSheetController.swift in Sources */ = {isa = PBXBuildFile; fileRef = A078FD0028C2545F0051E23B /* BottomSheetController.swift */; };
		A078FD0428C254F20051E23B /* BottomSheetControllerDelegate.swift in Sources */ = {isa = PBXBuildFile; fileRef = A078FD0328C254F20051E23B /* BottomSheetControllerDelegate.swift */; };
		A07B349928C1097900C4B05E /* ProfileTabBarController.swift in Sources */ = {isa = PBXBuildFile; fileRef = A07B349828C1097800C4B05E /* ProfileTabBarController.swift */; };
		A0BDD44728C37FBF00786300 /* ProfileCollectionViewController.swift in Sources */ = {isa = PBXBuildFile; fileRef = A0BDD44628C37FBF00786300 /* ProfileCollectionViewController.swift */; };
		A0BDD45128C3AA1B00786300 /* ProfileView.swift in Sources */ = {isa = PBXBuildFile; fileRef = A0BDD45028C3AA1B00786300 /* ProfileView.swift */; };
		A0BF832828C67C32001E6469 /* ProgressView.swift in Sources */ = {isa = PBXBuildFile; fileRef = A0BF832728C67C32001E6469 /* ProgressView.swift */; };
		A0C90E8A28C0F86900630E61 /* ProfileViewController.swift in Sources */ = {isa = PBXBuildFile; fileRef = A0C90E8928C0F86900630E61 /* ProfileViewController.swift */; };
		DDB01FD228BFBD2100E67A34 /* MainTabBarController.swift in Sources */ = {isa = PBXBuildFile; fileRef = DDB01FD128BFBD2100E67A34 /* MainTabBarController.swift */; };
/* End PBXBuildFile section */

/* Begin PBXFileReference section */
		03C2024128BA6DC100E5FFF3 /* MDFactory.app */ = {isa = PBXFileReference; explicitFileType = wrapper.application; includeInIndex = 0; path = MDFactory.app; sourceTree = BUILT_PRODUCTS_DIR; };
		03C2024428BA6DC100E5FFF3 /* AppDelegate.swift */ = {isa = PBXFileReference; lastKnownFileType = sourcecode.swift; path = AppDelegate.swift; sourceTree = "<group>"; };
		03C2024628BA6DC100E5FFF3 /* SceneDelegate.swift */ = {isa = PBXFileReference; lastKnownFileType = sourcecode.swift; path = SceneDelegate.swift; sourceTree = "<group>"; };
		03C2024D28BA6DC400E5FFF3 /* Assets.xcassets */ = {isa = PBXFileReference; lastKnownFileType = folder.assetcatalog; path = Assets.xcassets; sourceTree = "<group>"; };
		03C2025028BA6DC400E5FFF3 /* Base */ = {isa = PBXFileReference; lastKnownFileType = file.storyboard; name = Base; path = Base.lproj/LaunchScreen.storyboard; sourceTree = "<group>"; };
		03C2025228BA6DC400E5FFF3 /* Info.plist */ = {isa = PBXFileReference; lastKnownFileType = text.plist.xml; path = Info.plist; sourceTree = "<group>"; };
		0C5B0CFE6594C3F5393CB201 /* Pods-MDFactory.debug.xcconfig */ = {isa = PBXFileReference; includeInIndex = 1; lastKnownFileType = text.xcconfig; name = "Pods-MDFactory.debug.xcconfig"; path = "Target Support Files/Pods-MDFactory/Pods-MDFactory.debug.xcconfig"; sourceTree = "<group>"; };
		1347F47AC005B057B07830F4 /* Pods-MDFactory.release.xcconfig */ = {isa = PBXFileReference; includeInIndex = 1; lastKnownFileType = text.xcconfig; name = "Pods-MDFactory.release.xcconfig"; path = "Target Support Files/Pods-MDFactory/Pods-MDFactory.release.xcconfig"; sourceTree = "<group>"; };
		26796C3D8F30B29587004E94 /* Pods_MDFactory.framework */ = {isa = PBXFileReference; explicitFileType = wrapper.framework; includeInIndex = 0; path = Pods_MDFactory.framework; sourceTree = BUILT_PRODUCTS_DIR; };
		A00E312228CB8C5500EC6FA5 /* ColorView.swift */ = {isa = PBXFileReference; lastKnownFileType = sourcecode.swift; path = ColorView.swift; sourceTree = "<group>"; };
		A078FD0028C2545F0051E23B /* BottomSheetController.swift */ = {isa = PBXFileReference; lastKnownFileType = sourcecode.swift; path = BottomSheetController.swift; sourceTree = "<group>"; };
		A078FD0328C254F20051E23B /* BottomSheetControllerDelegate.swift */ = {isa = PBXFileReference; lastKnownFileType = sourcecode.swift; path = BottomSheetControllerDelegate.swift; sourceTree = "<group>"; };
		A07B349828C1097800C4B05E /* ProfileTabBarController.swift */ = {isa = PBXFileReference; lastKnownFileType = sourcecode.swift; path = ProfileTabBarController.swift; sourceTree = "<group>"; };
		A0BDD44628C37FBF00786300 /* ProfileCollectionViewController.swift */ = {isa = PBXFileReference; lastKnownFileType = sourcecode.swift; path = ProfileCollectionViewController.swift; sourceTree = "<group>"; };
		A0BDD45028C3AA1B00786300 /* ProfileView.swift */ = {isa = PBXFileReference; lastKnownFileType = sourcecode.swift; path = ProfileView.swift; sourceTree = "<group>"; };
		A0BF832728C67C32001E6469 /* ProgressView.swift */ = {isa = PBXFileReference; lastKnownFileType = sourcecode.swift; path = ProgressView.swift; sourceTree = "<group>"; };
		A0C90E8928C0F86900630E61 /* ProfileViewController.swift */ = {isa = PBXFileReference; lastKnownFileType = sourcecode.swift; path = ProfileViewController.swift; sourceTree = "<group>"; };
		DDB01FD128BFBD2100E67A34 /* MainTabBarController.swift */ = {isa = PBXFileReference; lastKnownFileType = sourcecode.swift; path = MainTabBarController.swift; sourceTree = "<group>"; };
/* End PBXFileReference section */

/* Begin PBXFrameworksBuildPhase section */
		03C2023E28BA6DC100E5FFF3 /* Frameworks */ = {
			isa = PBXFrameworksBuildPhase;
			buildActionMask = 2147483647;
			files = (
				89C0DEB817BEB9F0BE58910C /* Pods_MDFactory.framework in Frameworks */,
			);
			runOnlyForDeploymentPostprocessing = 0;
		};
/* End PBXFrameworksBuildPhase section */

/* Begin PBXGroup section */
		03C2023828BA6DC000E5FFF3 = {
			isa = PBXGroup;
			children = (
				03C2024328BA6DC100E5FFF3 /* MDFactory */,
				03C2024228BA6DC100E5FFF3 /* Products */,
				B3F02D1E21566D468A29EC8A /* Pods */,
				151C6B28CEABBA8BFA4E94E3 /* Frameworks */,
			);
			sourceTree = "<group>";
		};
		03C2024228BA6DC100E5FFF3 /* Products */ = {
			isa = PBXGroup;
			children = (
				03C2024128BA6DC100E5FFF3 /* MDFactory.app */,
			);
			name = Products;
			sourceTree = "<group>";
		};
		03C2024328BA6DC100E5FFF3 /* MDFactory */ = {
			isa = PBXGroup;
			children = (
				DDB01FCB28BFBC6F00E67A34 /* Sources */,
				DDB01FC928BFBC4F00E67A34 /* Resources */,
			);
			path = MDFactory;
			sourceTree = "<group>";
		};
		151C6B28CEABBA8BFA4E94E3 /* Frameworks */ = {
			isa = PBXGroup;
			children = (
				26796C3D8F30B29587004E94 /* Pods_MDFactory.framework */,
			);
			name = Frameworks;
			sourceTree = "<group>";
		};
		A078FD0228C254C00051E23B /* BottomSheet */ = {
			isa = PBXGroup;
			children = (
				A078FD0028C2545F0051E23B /* BottomSheetController.swift */,
				A078FD0328C254F20051E23B /* BottomSheetControllerDelegate.swift */,
			);
			path = BottomSheet;
			sourceTree = "<group>";
		};
		A0BDD44D28C3904800786300 /* View */ = {
			isa = PBXGroup;
			children = (
				A0BDD45028C3AA1B00786300 /* ProfileView.swift */,
				A0BF832728C67C32001E6469 /* ProgressView.swift */,
				A00E312228CB8C5500EC6FA5 /* ColorView.swift */,
			);
			path = View;
			sourceTree = "<group>";
		};
		A0C90E8828C0F79F00630E61 /* MDF-4 */ = {
			isa = PBXGroup;
			children = (
				A0BDD44D28C3904800786300 /* View */,
				A078FD0228C254C00051E23B /* BottomSheet */,
				A0C90E8928C0F86900630E61 /* ProfileViewController.swift */,
				A07B349828C1097800C4B05E /* ProfileTabBarController.swift */,
				A0BDD44628C37FBF00786300 /* ProfileCollectionViewController.swift */,
			);
			path = "MDF-4";
			sourceTree = "<group>";
		};
		B3F02D1E21566D468A29EC8A /* Pods */ = {
			isa = PBXGroup;
			children = (
				0C5B0CFE6594C3F5393CB201 /* Pods-MDFactory.debug.xcconfig */,
				1347F47AC005B057B07830F4 /* Pods-MDFactory.release.xcconfig */,
			);
			path = Pods;
			sourceTree = "<group>";
		};
		DDB01FC928BFBC4F00E67A34 /* Resources */ = {
			isa = PBXGroup;
			children = (
				03C2024D28BA6DC400E5FFF3 /* Assets.xcassets */,
				03C2024F28BA6DC400E5FFF3 /* LaunchScreen.storyboard */,
				DDB01FCA28BFBC5B00E67A34 /* Configuration */,
			);
			path = Resources;
			sourceTree = "<group>";
		};
		DDB01FCA28BFBC5B00E67A34 /* Configuration */ = {
			isa = PBXGroup;
			children = (
				03C2025228BA6DC400E5FFF3 /* Info.plist */,
			);
			path = Configuration;
			sourceTree = "<group>";
		};
		DDB01FCB28BFBC6F00E67A34 /* Sources */ = {
			isa = PBXGroup;
			children = (
				DDB01FCC28BFBC7300E67A34 /* Application */,
				DDB01FCD28BFBC7E00E67A34 /* Scenes */,
			);
			path = Sources;
			sourceTree = "<group>";
		};
		DDB01FCC28BFBC7300E67A34 /* Application */ = {
			isa = PBXGroup;
			children = (
				03C2024428BA6DC100E5FFF3 /* AppDelegate.swift */,
				03C2024628BA6DC100E5FFF3 /* SceneDelegate.swift */,
			);
			path = Application;
			sourceTree = "<group>";
		};
		DDB01FCD28BFBC7E00E67A34 /* Scenes */ = {
			isa = PBXGroup;
			children = (
				A0C90E8828C0F79F00630E61 /* MDF-4 */,
				DDB01FCE28BFBC8B00E67A34 /* Main */,
			);
			path = Scenes;
			sourceTree = "<group>";
		};
		DDB01FCE28BFBC8B00E67A34 /* Main */ = {
			isa = PBXGroup;
			children = (
				DDB01FCF28BFBC9E00E67A34 /* View */,
			);
			path = Main;
			sourceTree = "<group>";
		};
		DDB01FCF28BFBC9E00E67A34 /* View */ = {
			isa = PBXGroup;
			children = (
				DDB01FD128BFBD2100E67A34 /* MainTabBarController.swift */,
			);
			path = View;
			sourceTree = "<group>";
		};
/* End PBXGroup section */

/* Begin PBXNativeTarget section */
		03C2024028BA6DC100E5FFF3 /* MDFactory */ = {
			isa = PBXNativeTarget;
			buildConfigurationList = 03C2025528BA6DC400E5FFF3 /* Build configuration list for PBXNativeTarget "MDFactory" */;
			buildPhases = (
				79B1E4975D2941FD1168A1D0 /* [CP] Check Pods Manifest.lock */,
				03C2023D28BA6DC100E5FFF3 /* Sources */,
				03C2023E28BA6DC100E5FFF3 /* Frameworks */,
				03C2023F28BA6DC100E5FFF3 /* Resources */,
				1B57F28C30EB374F1201CD68 /* [CP] Embed Pods Frameworks */,
			);
			buildRules = (
			);
			dependencies = (
			);
			name = MDFactory;
			productName = MDFactory;
			productReference = 03C2024128BA6DC100E5FFF3 /* MDFactory.app */;
			productType = "com.apple.product-type.application";
		};
/* End PBXNativeTarget section */

/* Begin PBXProject section */
		03C2023928BA6DC100E5FFF3 /* Project object */ = {
			isa = PBXProject;
			attributes = {
				BuildIndependentTargetsInParallel = 1;
				LastSwiftUpdateCheck = 1320;
				LastUpgradeCheck = 1320;
				TargetAttributes = {
					03C2024028BA6DC100E5FFF3 = {
						CreatedOnToolsVersion = 13.2.1;
					};
				};
			};
			buildConfigurationList = 03C2023C28BA6DC100E5FFF3 /* Build configuration list for PBXProject "MDFactory" */;
			compatibilityVersion = "Xcode 13.0";
			developmentRegion = en;
			hasScannedForEncodings = 0;
			knownRegions = (
				en,
				Base,
			);
			mainGroup = 03C2023828BA6DC000E5FFF3;
			productRefGroup = 03C2024228BA6DC100E5FFF3 /* Products */;
			projectDirPath = "";
			projectRoot = "";
			targets = (
				03C2024028BA6DC100E5FFF3 /* MDFactory */,
			);
		};
/* End PBXProject section */

/* Begin PBXResourcesBuildPhase section */
		03C2023F28BA6DC100E5FFF3 /* Resources */ = {
			isa = PBXResourcesBuildPhase;
			buildActionMask = 2147483647;
			files = (
				03C2025128BA6DC400E5FFF3 /* LaunchScreen.storyboard in Resources */,
				03C2024E28BA6DC400E5FFF3 /* Assets.xcassets in Resources */,
			);
			runOnlyForDeploymentPostprocessing = 0;
		};
/* End PBXResourcesBuildPhase section */

/* Begin PBXShellScriptBuildPhase section */
		1B57F28C30EB374F1201CD68 /* [CP] Embed Pods Frameworks */ = {
			isa = PBXShellScriptBuildPhase;
			buildActionMask = 2147483647;
			files = (
			);
			inputFileListPaths = (
				"${PODS_ROOT}/Target Support Files/Pods-MDFactory/Pods-MDFactory-frameworks-${CONFIGURATION}-input-files.xcfilelist",
			);
			name = "[CP] Embed Pods Frameworks";
			outputFileListPaths = (
				"${PODS_ROOT}/Target Support Files/Pods-MDFactory/Pods-MDFactory-frameworks-${CONFIGURATION}-output-files.xcfilelist",
			);
			runOnlyForDeploymentPostprocessing = 0;
			shellPath = /bin/sh;
			shellScript = "\"${PODS_ROOT}/Target Support Files/Pods-MDFactory/Pods-MDFactory-frameworks.sh\"\n";
			showEnvVarsInLog = 0;
		};
		79B1E4975D2941FD1168A1D0 /* [CP] Check Pods Manifest.lock */ = {
			isa = PBXShellScriptBuildPhase;
			buildActionMask = 2147483647;
			files = (
			);
			inputFileListPaths = (
			);
			inputPaths = (
				"${PODS_PODFILE_DIR_PATH}/Podfile.lock",
				"${PODS_ROOT}/Manifest.lock",
			);
			name = "[CP] Check Pods Manifest.lock";
			outputFileListPaths = (
			);
			outputPaths = (
				"$(DERIVED_FILE_DIR)/Pods-MDFactory-checkManifestLockResult.txt",
			);
			runOnlyForDeploymentPostprocessing = 0;
			shellPath = /bin/sh;
			shellScript = "diff \"${PODS_PODFILE_DIR_PATH}/Podfile.lock\" \"${PODS_ROOT}/Manifest.lock\" > /dev/null\nif [ $? != 0 ] ; then\n    # print error to STDERR\n    echo \"error: The sandbox is not in sync with the Podfile.lock. Run 'pod install' or update your CocoaPods installation.\" >&2\n    exit 1\nfi\n# This output is used by Xcode 'outputs' to avoid re-running this script phase.\necho \"SUCCESS\" > \"${SCRIPT_OUTPUT_FILE_0}\"\n";
			showEnvVarsInLog = 0;
		};
/* End PBXShellScriptBuildPhase section */

/* Begin PBXSourcesBuildPhase section */
		03C2023D28BA6DC100E5FFF3 /* Sources */ = {
			isa = PBXSourcesBuildPhase;
			buildActionMask = 2147483647;
			files = (
				A0BDD45128C3AA1B00786300 /* ProfileView.swift in Sources */,
				A0C90E8A28C0F86900630E61 /* ProfileViewController.swift in Sources */,
				A00E312328CB8C5600EC6FA5 /* ColorView.swift in Sources */,
				03C2024528BA6DC100E5FFF3 /* AppDelegate.swift in Sources */,
				A078FD0428C254F20051E23B /* BottomSheetControllerDelegate.swift in Sources */,
				DDB01FD228BFBD2100E67A34 /* MainTabBarController.swift in Sources */,
				A0BDD44728C37FBF00786300 /* ProfileCollectionViewController.swift in Sources */,
				A07B349928C1097900C4B05E /* ProfileTabBarController.swift in Sources */,
				A0BF832828C67C32001E6469 /* ProgressView.swift in Sources */,
				03C2024728BA6DC100E5FFF3 /* SceneDelegate.swift in Sources */,
				A078FD0128C2545F0051E23B /* BottomSheetController.swift in Sources */,
			);
			runOnlyForDeploymentPostprocessing = 0;
		};
/* End PBXSourcesBuildPhase section */

/* Begin PBXVariantGroup section */
		03C2024F28BA6DC400E5FFF3 /* LaunchScreen.storyboard */ = {
			isa = PBXVariantGroup;
			children = (
				03C2025028BA6DC400E5FFF3 /* Base */,
			);
			name = LaunchScreen.storyboard;
			sourceTree = "<group>";
		};
/* End PBXVariantGroup section */

/* Begin XCBuildConfiguration section */
		03C2025328BA6DC400E5FFF3 /* Debug */ = {
			isa = XCBuildConfiguration;
			buildSettings = {
				ALWAYS_SEARCH_USER_PATHS = NO;
				CLANG_ANALYZER_NONNULL = YES;
				CLANG_ANALYZER_NUMBER_OBJECT_CONVERSION = YES_AGGRESSIVE;
				CLANG_CXX_LANGUAGE_STANDARD = "gnu++17";
				CLANG_CXX_LIBRARY = "libc++";
				CLANG_ENABLE_MODULES = YES;
				CLANG_ENABLE_OBJC_ARC = YES;
				CLANG_ENABLE_OBJC_WEAK = YES;
				CLANG_WARN_BLOCK_CAPTURE_AUTORELEASING = YES;
				CLANG_WARN_BOOL_CONVERSION = YES;
				CLANG_WARN_COMMA = YES;
				CLANG_WARN_CONSTANT_CONVERSION = YES;
				CLANG_WARN_DEPRECATED_OBJC_IMPLEMENTATIONS = YES;
				CLANG_WARN_DIRECT_OBJC_ISA_USAGE = YES_ERROR;
				CLANG_WARN_DOCUMENTATION_COMMENTS = YES;
				CLANG_WARN_EMPTY_BODY = YES;
				CLANG_WARN_ENUM_CONVERSION = YES;
				CLANG_WARN_INFINITE_RECURSION = YES;
				CLANG_WARN_INT_CONVERSION = YES;
				CLANG_WARN_NON_LITERAL_NULL_CONVERSION = YES;
				CLANG_WARN_OBJC_IMPLICIT_RETAIN_SELF = YES;
				CLANG_WARN_OBJC_LITERAL_CONVERSION = YES;
				CLANG_WARN_OBJC_ROOT_CLASS = YES_ERROR;
				CLANG_WARN_QUOTED_INCLUDE_IN_FRAMEWORK_HEADER = YES;
				CLANG_WARN_RANGE_LOOP_ANALYSIS = YES;
				CLANG_WARN_STRICT_PROTOTYPES = YES;
				CLANG_WARN_SUSPICIOUS_MOVE = YES;
				CLANG_WARN_UNGUARDED_AVAILABILITY = YES_AGGRESSIVE;
				CLANG_WARN_UNREACHABLE_CODE = YES;
				CLANG_WARN__DUPLICATE_METHOD_MATCH = YES;
				COPY_PHASE_STRIP = NO;
				DEBUG_INFORMATION_FORMAT = dwarf;
				ENABLE_STRICT_OBJC_MSGSEND = YES;
				ENABLE_TESTABILITY = YES;
				GCC_C_LANGUAGE_STANDARD = gnu11;
				GCC_DYNAMIC_NO_PIC = NO;
				GCC_NO_COMMON_BLOCKS = YES;
				GCC_OPTIMIZATION_LEVEL = 0;
				GCC_PREPROCESSOR_DEFINITIONS = (
					"DEBUG=1",
					"$(inherited)",
				);
				GCC_WARN_64_TO_32_BIT_CONVERSION = YES;
				GCC_WARN_ABOUT_RETURN_TYPE = YES_ERROR;
				GCC_WARN_UNDECLARED_SELECTOR = YES;
				GCC_WARN_UNINITIALIZED_AUTOS = YES_AGGRESSIVE;
				GCC_WARN_UNUSED_FUNCTION = YES;
				GCC_WARN_UNUSED_VARIABLE = YES;
				IPHONEOS_DEPLOYMENT_TARGET = 15.2;
				MTL_ENABLE_DEBUG_INFO = INCLUDE_SOURCE;
				MTL_FAST_MATH = YES;
				ONLY_ACTIVE_ARCH = YES;
				SDKROOT = iphoneos;
				SWIFT_ACTIVE_COMPILATION_CONDITIONS = DEBUG;
				SWIFT_OPTIMIZATION_LEVEL = "-Onone";
				"SWIFT_PRECOMPILE_BRIDGING_HEADER[arch=*]" = YES;
			};
			name = Debug;
		};
		03C2025428BA6DC400E5FFF3 /* Release */ = {
			isa = XCBuildConfiguration;
			buildSettings = {
				ALWAYS_SEARCH_USER_PATHS = NO;
				CLANG_ANALYZER_NONNULL = YES;
				CLANG_ANALYZER_NUMBER_OBJECT_CONVERSION = YES_AGGRESSIVE;
				CLANG_CXX_LANGUAGE_STANDARD = "gnu++17";
				CLANG_CXX_LIBRARY = "libc++";
				CLANG_ENABLE_MODULES = YES;
				CLANG_ENABLE_OBJC_ARC = YES;
				CLANG_ENABLE_OBJC_WEAK = YES;
				CLANG_WARN_BLOCK_CAPTURE_AUTORELEASING = YES;
				CLANG_WARN_BOOL_CONVERSION = YES;
				CLANG_WARN_COMMA = YES;
				CLANG_WARN_CONSTANT_CONVERSION = YES;
				CLANG_WARN_DEPRECATED_OBJC_IMPLEMENTATIONS = YES;
				CLANG_WARN_DIRECT_OBJC_ISA_USAGE = YES_ERROR;
				CLANG_WARN_DOCUMENTATION_COMMENTS = YES;
				CLANG_WARN_EMPTY_BODY = YES;
				CLANG_WARN_ENUM_CONVERSION = YES;
				CLANG_WARN_INFINITE_RECURSION = YES;
				CLANG_WARN_INT_CONVERSION = YES;
				CLANG_WARN_NON_LITERAL_NULL_CONVERSION = YES;
				CLANG_WARN_OBJC_IMPLICIT_RETAIN_SELF = YES;
				CLANG_WARN_OBJC_LITERAL_CONVERSION = YES;
				CLANG_WARN_OBJC_ROOT_CLASS = YES_ERROR;
				CLANG_WARN_QUOTED_INCLUDE_IN_FRAMEWORK_HEADER = YES;
				CLANG_WARN_RANGE_LOOP_ANALYSIS = YES;
				CLANG_WARN_STRICT_PROTOTYPES = YES;
				CLANG_WARN_SUSPICIOUS_MOVE = YES;
				CLANG_WARN_UNGUARDED_AVAILABILITY = YES_AGGRESSIVE;
				CLANG_WARN_UNREACHABLE_CODE = YES;
				CLANG_WARN__DUPLICATE_METHOD_MATCH = YES;
				COPY_PHASE_STRIP = NO;
				DEBUG_INFORMATION_FORMAT = "dwarf-with-dsym";
				ENABLE_NS_ASSERTIONS = NO;
				ENABLE_STRICT_OBJC_MSGSEND = YES;
				GCC_C_LANGUAGE_STANDARD = gnu11;
				GCC_NO_COMMON_BLOCKS = YES;
				GCC_WARN_64_TO_32_BIT_CONVERSION = YES;
				GCC_WARN_ABOUT_RETURN_TYPE = YES_ERROR;
				GCC_WARN_UNDECLARED_SELECTOR = YES;
				GCC_WARN_UNINITIALIZED_AUTOS = YES_AGGRESSIVE;
				GCC_WARN_UNUSED_FUNCTION = YES;
				GCC_WARN_UNUSED_VARIABLE = YES;
				IPHONEOS_DEPLOYMENT_TARGET = 15.2;
				MTL_ENABLE_DEBUG_INFO = NO;
				MTL_FAST_MATH = YES;
				SDKROOT = iphoneos;
				SWIFT_COMPILATION_MODE = wholemodule;
				SWIFT_OPTIMIZATION_LEVEL = "-O";
				VALIDATE_PRODUCT = YES;
			};
			name = Release;
		};
		03C2025628BA6DC400E5FFF3 /* Debug */ = {
			isa = XCBuildConfiguration;
			baseConfigurationReference = 0C5B0CFE6594C3F5393CB201 /* Pods-MDFactory.debug.xcconfig */;
			buildSettings = {
				ASSETCATALOG_COMPILER_APPICON_NAME = AppIcon;
				ASSETCATALOG_COMPILER_GLOBAL_ACCENT_COLOR_NAME = AccentColor;
				CODE_SIGN_STYLE = Automatic;
				CURRENT_PROJECT_VERSION = 1;
				DEVELOPMENT_TEAM = 7T99AX3SG2;
				GENERATE_INFOPLIST_FILE = YES;
				INFOPLIST_FILE = MDFactory/Resources/Configuration/Info.plist;
				INFOPLIST_KEY_UIApplicationSupportsIndirectInputEvents = YES;
				INFOPLIST_KEY_UILaunchStoryboardName = LaunchScreen;
				INFOPLIST_KEY_UISupportedInterfaceOrientations_iPad = "UIInterfaceOrientationPortrait UIInterfaceOrientationPortraitUpsideDown UIInterfaceOrientationLandscapeLeft UIInterfaceOrientationLandscapeRight";
				INFOPLIST_KEY_UISupportedInterfaceOrientations_iPhone = "UIInterfaceOrientationPortrait UIInterfaceOrientationLandscapeLeft UIInterfaceOrientationLandscapeRight";
				LD_RUNPATH_SEARCH_PATHS = (
					"$(inherited)",
					"@executable_path/Frameworks",
				);
				MARKETING_VERSION = 1.0;
				PRODUCT_BUNDLE_IDENTIFIER = ru.farsstudio.MDFactory;
				PRODUCT_NAME = "$(TARGET_NAME)";
				SWIFT_EMIT_LOC_STRINGS = YES;
				SWIFT_VERSION = 5.0;
				TARGETED_DEVICE_FAMILY = "1,2";
			};
			name = Debug;
		};
		03C2025728BA6DC400E5FFF3 /* Release */ = {
			isa = XCBuildConfiguration;
			baseConfigurationReference = 1347F47AC005B057B07830F4 /* Pods-MDFactory.release.xcconfig */;
			buildSettings = {
				ASSETCATALOG_COMPILER_APPICON_NAME = AppIcon;
				ASSETCATALOG_COMPILER_GLOBAL_ACCENT_COLOR_NAME = AccentColor;
				CODE_SIGN_STYLE = Automatic;
				CURRENT_PROJECT_VERSION = 1;
				DEVELOPMENT_TEAM = 7T99AX3SG2;
				GENERATE_INFOPLIST_FILE = YES;
				INFOPLIST_FILE = MDFactory/Resources/Configuration/Info.plist;
				INFOPLIST_KEY_UIApplicationSupportsIndirectInputEvents = YES;
				INFOPLIST_KEY_UILaunchStoryboardName = LaunchScreen;
				INFOPLIST_KEY_UISupportedInterfaceOrientations_iPad = "UIInterfaceOrientationPortrait UIInterfaceOrientationPortraitUpsideDown UIInterfaceOrientationLandscapeLeft UIInterfaceOrientationLandscapeRight";
				INFOPLIST_KEY_UISupportedInterfaceOrientations_iPhone = "UIInterfaceOrientationPortrait UIInterfaceOrientationLandscapeLeft UIInterfaceOrientationLandscapeRight";
				LD_RUNPATH_SEARCH_PATHS = (
					"$(inherited)",
					"@executable_path/Frameworks",
				);
				MARKETING_VERSION = 1.0;
				PRODUCT_BUNDLE_IDENTIFIER = ru.farsstudio.MDFactory;
				PRODUCT_NAME = "$(TARGET_NAME)";
				SWIFT_EMIT_LOC_STRINGS = YES;
				SWIFT_VERSION = 5.0;
				TARGETED_DEVICE_FAMILY = "1,2";
			};
			name = Release;
		};
/* End XCBuildConfiguration section */

/* Begin XCConfigurationList section */
		03C2023C28BA6DC100E5FFF3 /* Build configuration list for PBXProject "MDFactory" */ = {
			isa = XCConfigurationList;
			buildConfigurations = (
				03C2025328BA6DC400E5FFF3 /* Debug */,
				03C2025428BA6DC400E5FFF3 /* Release */,
			);
			defaultConfigurationIsVisible = 0;
			defaultConfigurationName = Release;
		};
		03C2025528BA6DC400E5FFF3 /* Build configuration list for PBXNativeTarget "MDFactory" */ = {
			isa = XCConfigurationList;
			buildConfigurations = (
				03C2025628BA6DC400E5FFF3 /* Debug */,
				03C2025728BA6DC400E5FFF3 /* Release */,
			);
			defaultConfigurationIsVisible = 0;
			defaultConfigurationName = Release;
		};
/* End XCConfigurationList section */
	};
	rootObject = 03C2023928BA6DC100E5FFF3 /* Project object */;
}
